
Microsoft Visual Studio Solution File, Format Version 12.00
# Visual Studio Version 16
VisualStudioVersion = 16.0.31702.278
MinimumVisualStudioVersion = 10.0.40219.1
Project("{FAE04EC0-301F-11D3-BF4B-00C04F79EFBC}") = "FetchData.Android", "FetchData\FetchData.Android\FetchData.Android.csproj", "{7B029345-786D-4BC2-8C4A-70935B831AEF}"
EndProject
Project("{FAE04EC0-301F-11D3-BF4B-00C04F79EFBC}") = "FetchData", "FetchData\FetchData\FetchData.csproj", "{7EA15871-214E-478C-A750-32946B9937F1}"
EndProject
Global
	GlobalSection(SolutionConfigurationPlatforms) = preSolution
		Debug|Any CPU = Debug|Any CPU
		Release|Any CPU = Release|Any CPU
	EndGlobalSection
	GlobalSection(ProjectConfigurationPlatforms) = postSolution
		{7B029345-786D-4BC2-8C4A-70935B831AEF}.Debug|Any CPU.ActiveCfg = Debug|Any CPU
		{7B029345-786D-4BC2-8C4A-70935B831AEF}.Debug|Any CPU.Build.0 = Debug|Any CPU
		{7B029345-786D-4BC2-8C4A-70935B831AEF}.Debug|Any CPU.Deploy.0 = Debug|Any CPU
		{7B029345-786D-4BC2-8C4A-70935B831AEF}.Release|Any CPU.ActiveCfg = Release|Any CPU
		{7B029345-786D-4BC2-8C4A-70935B831AEF}.Release|Any CPU.Build.0 = Release|Any CPU
		{7B029345-786D-4BC2-8C4A-70935B831AEF}.Release|Any CPU.Deploy.0 = Release|Any CPU
		{7EA15871-214E-478C-A750-32946B9937F1}.Debug|Any CPU.ActiveCfg = Debug|Any CPU
		{7EA15871-214E-478C-A750-32946B9937F1}.Debug|Any CPU.Build.0 = Debug|Any CPU
		{7EA15871-214E-478C-A750-32946B9937F1}.Debug|Any CPU.Deploy.0 = Debug|Any CPU
		{7EA15871-214E-478C-A750-32946B9937F1}.Release|Any CPU.ActiveCfg = Release|Any CPU
		{7EA15871-214E-478C-A750-32946B9937F1}.Release|Any CPU.Build.0 = Release|Any CPU
		{7EA15871-214E-478C-A750-32946B9937F1}.Release|Any CPU.Deploy.0 = Release|Any CPU
	EndGlobalSection
	GlobalSection(SolutionProperties) = preSolution
		HideSolutionNode = FALSE
	EndGlobalSection
	GlobalSection(ExtensibilityGlobals) = postSolution
		SolutionGuid = {F5D25507-7F28-4991-A779-3E223049E7CB}
	EndGlobalSection
EndGlobal
